[[package]]
name = "aiohttp"
version = "3.8.1"
description = "Async http client/server framework (asyncio)"
category = "main"
optional = false
python-versions = ">=3.6"

[package.dependencies]
aiosignal = ">=1.1.2"
async-timeout = ">=4.0.0a3,<5.0"
asynctest = {version = "0.13.0", markers = "python_version < \"3.8\""}
attrs = ">=17.3.0"
charset-normalizer = ">=2.0,<3.0"
frozenlist = ">=1.1.1"
multidict = ">=4.5,<7.0"
typing-extensions = {version = ">=3.7.4", markers = "python_version < \"3.8\""}
yarl = ">=1.0,<2.0"

[package.extras]
speedups = ["aiodns", "brotli", "cchardet"]

[[package]]
name = "aiosignal"
version = "1.2.0"
description = "aiosignal: a list of registered asynchronous callbacks"
category = "main"
optional = false
python-versions = ">=3.6"

[package.dependencies]
frozenlist = ">=1.1.0"

[[package]]
name = "apscheduler"
version = "3.9.1"
description = "In-process task scheduler with Cron-like capabilities"
category = "main"
optional = false
python-versions = ">=2.7, !=3.0.*, !=3.1.*, !=3.2.*, !=3.3.*, !=3.4.*, <4"

[package.dependencies]
pytz = "*"
six = ">=1.4.0"
tzlocal = ">=2.0,<3.0.0 || >=4.0.0"

[package.extras]
asyncio = ["trollius"]
doc = ["sphinx", "sphinx-rtd-theme"]
gevent = ["gevent"]
mongodb = ["pymongo (>=3.0)"]
redis = ["redis (>=3.0)"]
rethinkdb = ["rethinkdb (>=2.4.0)"]
sqlalchemy = ["sqlalchemy (>=0.8)"]
testing = ["pytest", "pytest-cov", "pytest-tornado5", "mock", "pytest-asyncio (<0.6)", "pytest-asyncio"]
tornado = ["tornado (>=4.3)"]
twisted = ["twisted"]
zookeeper = ["kazoo"]

[[package]]
name = "args"
version = "0.1.0"
description = "Command Arguments for Humans."
category = "main"
optional = false
python-versions = "*"

[[package]]
name = "async-timeout"
version = "4.0.2"
description = "Timeout context manager for asyncio programs"
category = "main"
optional = false
python-versions = ">=3.6"

[package.dependencies]
typing-extensions = {version = ">=3.6.5", markers = "python_version < \"3.8\""}

[[package]]
name = "asynctest"
version = "0.13.0"
description = "Enhance the standard unittest package with features for testing asyncio libraries"
category = "main"
optional = false
python-versions = ">=3.5"

[[package]]
name = "attrs"
version = "22.1.0"
description = "Classes Without Boilerplate"
category = "main"
optional = false
python-versions = ">=3.5"

[package.extras]
tests_no_zope = ["cloudpickle", "pytest-mypy-plugins", "mypy (>=0.900,!=0.940)", "pytest (>=4.3.0)", "pympler", "hypothesis", "coverage[toml] (>=5.0.2)"]
tests = ["cloudpickle", "zope.interface", "pytest-mypy-plugins", "mypy (>=0.900,!=0.940)", "pytest (>=4.3.0)", "pympler", "hypothesis", "coverage[toml] (>=5.0.2)"]
docs = ["sphinx-notfound-page", "zope.interface", "sphinx", "furo"]
dev = ["cloudpickle", "pre-commit", "sphinx-notfound-page", "sphinx", "furo", "zope.interface", "pytest-mypy-plugins", "mypy (>=0.900,!=0.940)", "pytest (>=4.3.0)", "pympler", "hypothesis", "coverage[toml] (>=5.0.2)"]

[[package]]
name = "backports.zoneinfo"
version = "0.2.1"
description = "Backport of the standard library zoneinfo module"
category = "main"
optional = false
python-versions = ">=3.6"

[package.extras]
tzdata = ["tzdata"]

[[package]]
name = "blinker-alt"
version = "1.5"
description = "Fast, simple object-to-object and broadcast signaling"
category = "main"
optional = false
python-versions = "*"

[[package]]
name = "certifi"
version = "2022.6.15"
description = "Python package for providing Mozilla's CA Bundle."
category = "main"
optional = false
python-versions = ">=3.6"

[[package]]
name = "charset-normalizer"
version = "2.1.0"
description = "The Real First Universal Charset Detector. Open, modern and actively maintained alternative to Chardet."
category = "main"
optional = false
python-versions = ">=3.6.0"

[package.extras]
unicode_backport = ["unicodedata2"]

[[package]]
name = "clint"
version = "0.5.1"
description = "Python Command Line Interface Tools"
category = "main"
optional = false
python-versions = "*"

[package.dependencies]
args = "*"

[[package]]
name = "dacite"
version = "1.6.0"
description = "Simple creation of data classes from dictionaries."
category = "main"
optional = false
python-versions = ">=3.6"

[package.extras]
dev = ["pylint", "mypy", "black", "coveralls", "pytest-cov", "pytest (>=5)"]

[[package]]
name = "dill"
version = "0.3.5.1"
description = "serialize all of python"
category = "main"
optional = false
python-versions = ">=2.7, !=3.0.*, !=3.1.*, !=3.2.*, !=3.3.*, !=3.4.*, !=3.5.*, !=3.6.*"

[package.extras]
graph = ["objgraph (>=1.7.2)"]

[[package]]
name = "frozenlist"
version = "1.3.1"
description = "A list-like structure which implements collections.abc.MutableSequence"
category = "main"
optional = false
python-versions = ">=3.7"

[[package]]
name = "idna"
version = "3.3"
description = "Internationalized Domain Names in Applications (IDNA)"
category = "main"
optional = false
python-versions = ">=3.5"

[[package]]
name = "multidict"
version = "6.0.2"
description = "multidict implementation"
category = "main"
optional = false
python-versions = ">=3.7"

[[package]]
name = "pyee"
version = "9.0.4"
description = "A port of node.js's EventEmitter to python."
category = "main"
optional = false
python-versions = "*"

[package.dependencies]
typing-extensions = "*"

[[package]]
name = "pytz"
version = "2022.2.1"
description = "World timezone definitions, modern and historical"
category = "main"
optional = false
python-versions = "*"

[[package]]
name = "pytz-deprecation-shim"
version = "0.1.0.post0"
description = "Shims to make deprecation of pytz easier"
category = "main"
optional = false
python-versions = "!=3.0.*,!=3.1.*,!=3.2.*,!=3.3.*,!=3.4.*,!=3.5.*,>=2.7"

[package.dependencies]
"backports.zoneinfo" = {version = "*", markers = "python_version >= \"3.6\" and python_version < \"3.9\""}
tzdata = {version = "*", markers = "python_version >= \"3.6\""}

[[package]]
name = "requests"
version = "2.28.1"
description = "Python HTTP for Humans."
category = "main"
optional = false
python-versions = ">=3.7, <4"

[package.dependencies]
certifi = ">=2017.4.17"
charset-normalizer = ">=2,<3"
idna = ">=2.5,<4"
urllib3 = ">=1.21.1,<1.27"

[package.extras]
use_chardet_on_py3 = ["chardet (>=3.0.2,<6)"]
socks = ["PySocks (>=1.5.6,!=1.5.7)"]

[[package]]
name = "six"
version = "1.16.0"
description = "Python 2 and 3 compatibility utilities"
category = "main"
optional = false
python-versions = ">=2.7, !=3.0.*, !=3.1.*, !=3.2.*"

[[package]]
name = "slack-machine"
version = "0.26.1"
description = "A sexy, simple, yet powerful and extendable Slack bot"
category = "main"
optional = false
python-versions = ">=3.7,<4.0"

[package.dependencies]
aiohttp = ">=3.8.1,<4.0.0"
APScheduler = ">=3.8.1,<4.0.0"
blinker-alt = ">=1.5,<2.0"
clint = ">=0.5.1,<0.6.0"
dacite = ">=1.6.0,<2.0.0"
dill = ">=0.3.4,<0.4.0"
pyee = ">=9.0.4,<10.0.0"
requests = ">=2.26.0,<3.0.0"
slack-sdk = ">=3.12.0,<4.0.0"

[package.extras]
redis = ["hiredis (>=2.0.0,<3.0.0)", "redis (>=4.3.4,<5.0.0)"]

[[package]]
name = "slack-sdk"
version = "3.18.1"
description = "The Slack API Platform SDK for Python"
category = "main"
optional = false
python-versions = ">=3.6.0"

[package.extras]
optional = ["aiodns (>1.0)", "aiohttp (>=3.7.3,<4)", "boto3 (<=2)", "SQLAlchemy (>=1,<2)", "websockets (>=10,<11)", "websocket-client (>=1,<2)"]
testing = ["pytest (>=6.2.5,<7)", "pytest-asyncio (<1)", "Flask-Sockets (>=0.2,<1)", "Flask (>=1,<2)", "Werkzeug (<2)", "itsdangerous (==1.1.0)", "Jinja2 (==3.0.3)", "pytest-cov (>=2,<3)", "codecov (>=2,<3)", "flake8 (>=4,<5)", "black (==22.3.0)", "click (==8.0.4)", "psutil (>=5,<6)", "databases (>=0.5)", "boto3 (<=2)", "moto (>=3,<4)"]

[[package]]
name = "typing-extensions"
version = "4.3.0"
description = "Backported and Experimental Type Hints for Python 3.7+"
category = "main"
optional = false
python-versions = ">=3.7"

[[package]]
name = "tzdata"
version = "2022.2"
description = "Provider of IANA time zone data"
category = "main"
optional = false
python-versions = ">=2"

[[package]]
name = "tzlocal"
version = "4.2"
description = "tzinfo object for the local timezone"
category = "main"
optional = false
python-versions = ">=3.6"

[package.dependencies]
"backports.zoneinfo" = {version = "*", markers = "python_version < \"3.9\""}
pytz-deprecation-shim = "*"
tzdata = {version = "*", markers = "platform_system == \"Windows\""}

[package.extras]
devenv = ["black", "pyroma", "pytest-cov", "zest.releaser"]
test = ["pytest-mock (>=3.3)", "pytest (>=4.3)"]

[[package]]
name = "urllib3"
version = "1.26.11"
description = "HTTP library with thread-safe connection pooling, file post, and more."
category = "main"
optional = false
python-versions = ">=2.7, !=3.0.*, !=3.1.*, !=3.2.*, !=3.3.*, !=3.4.*, !=3.5.*, <4"

[package.extras]
socks = ["PySocks (>=1.5.6,!=1.5.7,<2.0)"]
secure = ["ipaddress", "certifi", "idna (>=2.0.0)", "cryptography (>=1.3.4)", "pyOpenSSL (>=0.14)"]
brotli = ["brotlipy (>=0.6.0)", "brotli (>=1.0.9)", "brotlicffi (>=0.8.0)"]

[[package]]
name = "yarl"
version = "1.8.1"
description = "Yet another URL library"
category = "main"
optional = false
python-versions = ">=3.7"

[package.dependencies]
idna = ">=2.0"
multidict = ">=4.0"
typing-extensions = {version = ">=3.7.4", markers = "python_version < \"3.8\""}

[metadata]
lock-version = "1.1"
python-versions = "^3.7"
content-hash = "e42676a067a9d1160ae7fddee34f3f504b14220ed970199a881f1c743270c83d"

[metadata.files]
aiohttp = []
aiosignal = []
apscheduler = []
args = []
async-timeout = []
asynctest = []
attrs = []
"backports.zoneinfo" = []
blinker-alt = []
certifi = []
charset-normalizer = []
clint = []
dacite = []
dill = []
frozenlist = []
idna = []
multidict = []
pyee = []
pytz = []
pytz-deprecation-shim = []
requests = []
six = []
slack-machine = []
slack-sdk = []
typing-extensions = []
tzdata = []
tzlocal = []
urllib3 = []
yarl = []
